
Microsoft Visual Studio Solution File, Format Version 11.00
# Visual C++ Express 2010
Project("{8BC9CEB8-8B4A-11D0-8D11-00A0C91BC942}") = "trying", "trying\trying.vcxproj", "{3F6DA583-0436-4FFE-915B-4A6B6A85019C}"
EndProject
Global
	GlobalSection(SolutionConfigurationPlatforms) = preSolution
		Debug|Win32 = Debug|Win32
		Release|Win32 = Release|Win32
	EndGlobalSection
	GlobalSection(ProjectConfigurationPlatforms) = postSolution
		{3F6DA583-0436-4FFE-915B-4A6B6A85019C}.Debug|Win32.ActiveCfg = Debug|Win32
		{3F6DA583-0436-4FFE-915B-4A6B6A85019C}.Debug|Win32.Build.0 = Debug|Win32
		{3F6DA583-0436-4FFE-915B-4A6B6A85019C}.Release|Win32.ActiveCfg = Release|Win32
		{3F6DA583-0436-4FFE-915B-4A6B6A85019C}.Release|Win32.Build.0 = Release|Win32
	EndGlobalSection
	GlobalSection(SolutionProperties) = preSolution
		HideSolutionNode = FALSE
	EndGlobalSection
EndGlobal
